// !$*UTF8*$!
{
	archiveVersion = 1;
	classes = {
	};
	objectVersion = 77;
	objects = {

/* Begin PBXBuildFile section */
		CC41CA672EBB9275000C2C1D /* RealityKitContent in Frameworks */ = {isa = PBXBuildFile; productRef = CC41CA662EBB9275000C2C1D /* RealityKitContent */; };
		CC41CA7A2EBB92BB000C2C1D /* LaunchView.swift in Sources */ = {isa = PBXBuildFile; fileRef = CC41CA762EBB92BB000C2C1D /* LaunchView.swift */; };
		CC41CA7B2EBB92BB000C2C1D /* IceAndFireAVPApp.swift in Sources */ = {isa = PBXBuildFile; fileRef = CC41CA772EBB92BB000C2C1D /* IceAndFireAVPApp.swift */; };
		CC41CA7C2EBB92BB000C2C1D /* Assets.xcassets in Resources */ = {isa = PBXBuildFile; fileRef = CC41CA752EBB92BB000C2C1D /* Assets.xcassets */; };
		CC41CA7F2EBB9325000C2C1D /* Character.swift in Sources */ = {isa = PBXBuildFile; fileRef = CC41CA7E2EBB9325000C2C1D /* Character.swift */; };
		CC41CA822EBB9B15000C2C1D /* CharacterListView.swift in Sources */ = {isa = PBXBuildFile; fileRef = CC41CA812EBB9B15000C2C1D /* CharacterListView.swift */; };
		CC41CA842EBB9D6F000C2C1D /* BookListView.swift in Sources */ = {isa = PBXBuildFile; fileRef = CC41CA832EBB9D6F000C2C1D /* BookListView.swift */; };
		CC41CA862EBB9DAF000C2C1D /* HouseListView.swift in Sources */ = {isa = PBXBuildFile; fileRef = CC41CA852EBB9DAF000C2C1D /* HouseListView.swift */; };
		CC41CA892EBB9E89000C2C1D /* Book.swift in Sources */ = {isa = PBXBuildFile; fileRef = CC41CA882EBB9E89000C2C1D /* Book.swift */; };
		CC41CA8B2EBB9E9A000C2C1D /* House.swift in Sources */ = {isa = PBXBuildFile; fileRef = CC41CA8A2EBB9E9A000C2C1D /* House.swift */; };
		CC41CA8D2EBCE15E000C2C1D /* NetworkService.swift in Sources */ = {isa = PBXBuildFile; fileRef = CC41CA8C2EBCE15E000C2C1D /* NetworkService.swift */; };
		CC41CA922EBCEA71000C2C1D /* BooksVM.swift in Sources */ = {isa = PBXBuildFile; fileRef = CC41CA912EBCEA71000C2C1D /* BooksVM.swift */; };
		CC41CA942EBE5AF0000C2C1D /* CharactersVM.swift in Sources */ = {isa = PBXBuildFile; fileRef = CC41CA932EBE5AF0000C2C1D /* CharactersVM.swift */; };
		CC41CA962EBE5B10000C2C1D /* HousesVM.swift in Sources */ = {isa = PBXBuildFile; fileRef = CC41CA952EBE5B10000C2C1D /* HousesVM.swift */; };
		CC41CA982EC0E191000C2C1D /* CharacterDetailView.swift in Sources */ = {isa = PBXBuildFile; fileRef = CC41CA972EC0E191000C2C1D /* CharacterDetailView.swift */; };
		CC41CA9A2EC0E922000C2C1D /* myFunctions.swift in Sources */ = {isa = PBXBuildFile; fileRef = CC41CA992EC0E922000C2C1D /* myFunctions.swift */; };
/* End PBXBuildFile section */

/* Begin PBXFileReference section */
		CC41CA612EBB9275000C2C1D /* IceAndFireAVP.app */ = {isa = PBXFileReference; explicitFileType = wrapper.application; includeInIndex = 0; path = IceAndFireAVP.app; sourceTree = BUILT_PRODUCTS_DIR; };
		CC41CA652EBB9275000C2C1D /* RealityKitContent */ = {isa = PBXFileReference; lastKnownFileType = wrapper; path = RealityKitContent; sourceTree = "<group>"; };
		CC41CA752EBB92BB000C2C1D /* Assets.xcassets */ = {isa = PBXFileReference; lastKnownFileType = folder.assetcatalog; path = Assets.xcassets; sourceTree = "<group>"; };
		CC41CA762EBB92BB000C2C1D /* LaunchView.swift */ = {isa = PBXFileReference; lastKnownFileType = sourcecode.swift; path = LaunchView.swift; sourceTree = "<group>"; };
		CC41CA772EBB92BB000C2C1D /* IceAndFireAVPApp.swift */ = {isa = PBXFileReference; lastKnownFileType = sourcecode.swift; path = IceAndFireAVPApp.swift; sourceTree = "<group>"; };
		CC41CA782EBB92BB000C2C1D /* Info.plist */ = {isa = PBXFileReference; lastKnownFileType = text.plist.xml; path = Info.plist; sourceTree = "<group>"; };
		CC41CA7E2EBB9325000C2C1D /* Character.swift */ = {isa = PBXFileReference; lastKnownFileType = sourcecode.swift; path = Character.swift; sourceTree = "<group>"; };
		CC41CA812EBB9B15000C2C1D /* CharacterListView.swift */ = {isa = PBXFileReference; lastKnownFileType = sourcecode.swift; path = CharacterListView.swift; sourceTree = "<group>"; };
		CC41CA832EBB9D6F000C2C1D /* BookListView.swift */ = {isa = PBXFileReference; lastKnownFileType = sourcecode.swift; path = BookListView.swift; sourceTree = "<group>"; };
		CC41CA852EBB9DAF000C2C1D /* HouseListView.swift */ = {isa = PBXFileReference; lastKnownFileType = sourcecode.swift; path = HouseListView.swift; sourceTree = "<group>"; };
		CC41CA882EBB9E89000C2C1D /* Book.swift */ = {isa = PBXFileReference; lastKnownFileType = sourcecode.swift; path = Book.swift; sourceTree = "<group>"; };
		CC41CA8A2EBB9E9A000C2C1D /* House.swift */ = {isa = PBXFileReference; lastKnownFileType = sourcecode.swift; path = House.swift; sourceTree = "<group>"; };
		CC41CA8C2EBCE15E000C2C1D /* NetworkService.swift */ = {isa = PBXFileReference; lastKnownFileType = sourcecode.swift; path = NetworkService.swift; sourceTree = "<group>"; };
		CC41CA912EBCEA71000C2C1D /* BooksVM.swift */ = {isa = PBXFileReference; lastKnownFileType = sourcecode.swift; path = BooksVM.swift; sourceTree = "<group>"; };
		CC41CA932EBE5AF0000C2C1D /* CharactersVM.swift */ = {isa = PBXFileReference; lastKnownFileType = sourcecode.swift; path = CharactersVM.swift; sourceTree = "<group>"; };
		CC41CA952EBE5B10000C2C1D /* HousesVM.swift */ = {isa = PBXFileReference; lastKnownFileType = sourcecode.swift; path = HousesVM.swift; sourceTree = "<group>"; };
		CC41CA972EC0E191000C2C1D /* CharacterDetailView.swift */ = {isa = PBXFileReference; lastKnownFileType = sourcecode.swift; path = CharacterDetailView.swift; sourceTree = "<group>"; };
		CC41CA992EC0E922000C2C1D /* myFunctions.swift */ = {isa = PBXFileReference; lastKnownFileType = sourcecode.swift; path = myFunctions.swift; sourceTree = "<group>"; };
/* End PBXFileReference section */

/* Begin PBXFrameworksBuildPhase section */
		CC41CA5E2EBB9275000C2C1D /* Frameworks */ = {
			isa = PBXFrameworksBuildPhase;
			buildActionMask = 2147483647;
			files = (
				CC41CA672EBB9275000C2C1D /* RealityKitContent in Frameworks */,
			);
			runOnlyForDeploymentPostprocessing = 0;
		};
/* End PBXFrameworksBuildPhase section */

/* Begin PBXGroup section */
		CC41CA582EBB9275000C2C1D = {
			isa = PBXGroup;
			children = (
				CC41CA792EBB92BB000C2C1D /* IceAndFireAVP */,
				CC41CA642EBB9275000C2C1D /* Packages */,
				CC41CA622EBB9275000C2C1D /* Products */,
			);
			sourceTree = "<group>";
		};
		CC41CA622EBB9275000C2C1D /* Products */ = {
			isa = PBXGroup;
			children = (
				CC41CA612EBB9275000C2C1D /* IceAndFireAVP.app */,
			);
			name = Products;
			sourceTree = "<group>";
		};
		CC41CA642EBB9275000C2C1D /* Packages */ = {
			isa = PBXGroup;
			children = (
				CC41CA652EBB9275000C2C1D /* RealityKitContent */,
			);
			path = Packages;
			sourceTree = "<group>";
		};
		CC41CA792EBB92BB000C2C1D /* IceAndFireAVP */ = {
			isa = PBXGroup;
			children = (
				CC41CA772EBB92BB000C2C1D /* IceAndFireAVPApp.swift */,
				CC41CA782EBB92BB000C2C1D /* Info.plist */,
				CC41CA752EBB92BB000C2C1D /* Assets.xcassets */,
				CC41CA992EC0E922000C2C1D /* myFunctions.swift */,
				CC41CA8E2EBCEA14000C2C1D /* ViewModels */,
				CC41CA802EBB9ADE000C2C1D /* Views */,
				CC41CA872EBB9E5D000C2C1D /* Classes */,
			);
			path = IceAndFireAVP;
			sourceTree = "<group>";
		};
		CC41CA802EBB9ADE000C2C1D /* Views */ = {
			isa = PBXGroup;
			children = (
				CC41CA762EBB92BB000C2C1D /* LaunchView.swift */,
				CC41CA812EBB9B15000C2C1D /* CharacterListView.swift */,
				CC41CA852EBB9DAF000C2C1D /* HouseListView.swift */,
				CC41CA832EBB9D6F000C2C1D /* BookListView.swift */,
				CC41CA972EC0E191000C2C1D /* CharacterDetailView.swift */,
			);
			path = Views;
			sourceTree = "<group>";
		};
		CC41CA872EBB9E5D000C2C1D /* Classes */ = {
			isa = PBXGroup;
			children = (
				CC41CA7E2EBB9325000C2C1D /* Character.swift */,
				CC41CA882EBB9E89000C2C1D /* Book.swift */,
				CC41CA8A2EBB9E9A000C2C1D /* House.swift */,
				CC41CA8C2EBCE15E000C2C1D /* NetworkService.swift */,
			);
			path = Classes;
			sourceTree = "<group>";
		};
		CC41CA8E2EBCEA14000C2C1D /* ViewModels */ = {
			isa = PBXGroup;
			children = (
				CC41CA912EBCEA71000C2C1D /* BooksVM.swift */,
				CC41CA932EBE5AF0000C2C1D /* CharactersVM.swift */,
				CC41CA952EBE5B10000C2C1D /* HousesVM.swift */,
			);
			path = ViewModels;
			sourceTree = "<group>";
		};
/* End PBXGroup section */

/* Begin PBXNativeTarget section */
		CC41CA602EBB9275000C2C1D /* IceAndFireAVP */ = {
			isa = PBXNativeTarget;
			buildConfigurationList = CC41CA702EBB9275000C2C1D /* Build configuration list for PBXNativeTarget "IceAndFireAVP" */;
			buildPhases = (
				CC41CA5D2EBB9275000C2C1D /* Sources */,
				CC41CA5E2EBB9275000C2C1D /* Frameworks */,
				CC41CA5F2EBB9275000C2C1D /* Resources */,
			);
			buildRules = (
			);
			dependencies = (
			);
			name = IceAndFireAVP;
			packageProductDependencies = (
				CC41CA662EBB9275000C2C1D /* RealityKitContent */,
			);
			productName = IceAndFireAVP;
			productReference = CC41CA612EBB9275000C2C1D /* IceAndFireAVP.app */;
			productType = "com.apple.product-type.application";
		};
/* End PBXNativeTarget section */

/* Begin PBXProject section */
		CC41CA592EBB9275000C2C1D /* Project object */ = {
			isa = PBXProject;
			attributes = {
				BuildIndependentTargetsInParallel = 1;
				LastSwiftUpdateCheck = 2610;
				LastUpgradeCheck = 2610;
				TargetAttributes = {
					CC41CA602EBB9275000C2C1D = {
						CreatedOnToolsVersion = 26.1;
					};
				};
			};
			buildConfigurationList = CC41CA5C2EBB9275000C2C1D /* Build configuration list for PBXProject "IceAndFireAVP" */;
			developmentRegion = en;
			hasScannedForEncodings = 0;
			knownRegions = (
				en,
				Base,
			);
			mainGroup = CC41CA582EBB9275000C2C1D;
			minimizedProjectReferenceProxies = 1;
			preferredProjectObjectVersion = 77;
			productRefGroup = CC41CA622EBB9275000C2C1D /* Products */;
			projectDirPath = "";
			projectRoot = "";
			targets = (
				CC41CA602EBB9275000C2C1D /* IceAndFireAVP */,
			);
		};
/* End PBXProject section */

/* Begin PBXResourcesBuildPhase section */
		CC41CA5F2EBB9275000C2C1D /* Resources */ = {
			isa = PBXResourcesBuildPhase;
			buildActionMask = 2147483647;
			files = (
				CC41CA7C2EBB92BB000C2C1D /* Assets.xcassets in Resources */,
			);
			runOnlyForDeploymentPostprocessing = 0;
		};
/* End PBXResourcesBuildPhase section */

/* Begin PBXSourcesBuildPhase section */
		CC41CA5D2EBB9275000C2C1D /* Sources */ = {
			isa = PBXSourcesBuildPhase;
			buildActionMask = 2147483647;
			files = (
				CC41CA7F2EBB9325000C2C1D /* Character.swift in Sources */,
				CC41CA862EBB9DAF000C2C1D /* HouseListView.swift in Sources */,
				CC41CA8B2EBB9E9A000C2C1D /* House.swift in Sources */,
				CC41CA982EC0E191000C2C1D /* CharacterDetailView.swift in Sources */,
				CC41CA942EBE5AF0000C2C1D /* CharactersVM.swift in Sources */,
				CC41CA922EBCEA71000C2C1D /* BooksVM.swift in Sources */,
				CC41CA892EBB9E89000C2C1D /* Book.swift in Sources */,
				CC41CA8D2EBCE15E000C2C1D /* NetworkService.swift in Sources */,
				CC41CA7A2EBB92BB000C2C1D /* LaunchView.swift in Sources */,
				CC41CA842EBB9D6F000C2C1D /* BookListView.swift in Sources */,
				CC41CA822EBB9B15000C2C1D /* CharacterListView.swift in Sources */,
				CC41CA7B2EBB92BB000C2C1D /* IceAndFireAVPApp.swift in Sources */,
				CC41CA962EBE5B10000C2C1D /* HousesVM.swift in Sources */,
				CC41CA9A2EC0E922000C2C1D /* myFunctions.swift in Sources */,
			);
			runOnlyForDeploymentPostprocessing = 0;
		};
/* End PBXSourcesBuildPhase section */

/* Begin XCBuildConfiguration section */
		CC41CA712EBB9275000C2C1D /* Debug */ = {
			isa = XCBuildConfiguration;
			buildSettings = {
				ASSETCATALOG_COMPILER_APPICON_NAME = AppIcon;
				ASSETCATALOG_COMPILER_GLOBAL_ACCENT_COLOR_NAME = AccentColor;
				CODE_SIGN_STYLE = Automatic;
				CURRENT_PROJECT_VERSION = 1;
				DEVELOPMENT_TEAM = 664FMHC4VF;
				ENABLE_PREVIEWS = YES;
				GENERATE_INFOPLIST_FILE = YES;
				INFOPLIST_FILE = "$(TARGET_NAME)/Info.plist";
				LD_RUNPATH_SEARCH_PATHS = (
					"$(inherited)",
					"@executable_path/Frameworks",
				);
				MARKETING_VERSION = 1.0;
				PRODUCT_BUNDLE_IDENTIFIER = net.bwitmer.IceAndFireAVP;
				PRODUCT_NAME = "$(TARGET_NAME)";
				STRING_CATALOG_GENERATE_SYMBOLS = YES;
				SUPPORTED_PLATFORMS = "xros xrsimulator";
				SWIFT_APPROACHABLE_CONCURRENCY = YES;
				SWIFT_DEFAULT_ACTOR_ISOLATION = MainActor;
				SWIFT_EMIT_LOC_STRINGS = YES;
				SWIFT_UPCOMING_FEATURE_MEMBER_IMPORT_VISIBILITY = YES;
				SWIFT_VERSION = 5.0;
				TARGETED_DEVICE_FAMILY = 7;
			};
			name = Debug;
		};
		CC41CA722EBB9275000C2C1D /* Release */ = {
			isa = XCBuildConfiguration;
			buildSettings = {
				ASSETCATALOG_COMPILER_APPICON_NAME = AppIcon;
				ASSETCATALOG_COMPILER_GLOBAL_ACCENT_COLOR_NAME = AccentColor;
				CODE_SIGN_STYLE = Automatic;
				CURRENT_PROJECT_VERSION = 1;
				DEVELOPMENT_TEAM = 664FMHC4VF;
				ENABLE_PREVIEWS = YES;
				GENERATE_INFOPLIST_FILE = YES;
				INFOPLIST_FILE = "$(TARGET_NAME)/Info.plist";
				LD_RUNPATH_SEARCH_PATHS = (
					"$(inherited)",
					"@executable_path/Frameworks",
				);
				MARKETING_VERSION = 1.0;
				PRODUCT_BUNDLE_IDENTIFIER = net.bwitmer.IceAndFireAVP;
				PRODUCT_NAME = "$(TARGET_NAME)";
				STRING_CATALOG_GENERATE_SYMBOLS = YES;
				SUPPORTED_PLATFORMS = "xros xrsimulator";
				SWIFT_APPROACHABLE_CONCURRENCY = YES;
				SWIFT_DEFAULT_ACTOR_ISOLATION = MainActor;
				SWIFT_EMIT_LOC_STRINGS = YES;
				SWIFT_UPCOMING_FEATURE_MEMBER_IMPORT_VISIBILITY = YES;
				SWIFT_VERSION = 5.0;
				TARGETED_DEVICE_FAMILY = 7;
			};
			name = Release;
		};
		CC41CA732EBB9275000C2C1D /* Debug */ = {
			isa = XCBuildConfiguration;
			buildSettings = {
				ALWAYS_SEARCH_USER_PATHS = NO;
				ASSETCATALOG_COMPILER_GENERATE_SWIFT_ASSET_SYMBOL_EXTENSIONS = YES;
				CLANG_ANALYZER_NONNULL = YES;
				CLANG_ANALYZER_NUMBER_OBJECT_CONVERSION = YES_AGGRESSIVE;
				CLANG_CXX_LANGUAGE_STANDARD = "gnu++20";
				CLANG_ENABLE_MODULES = YES;
				CLANG_ENABLE_OBJC_ARC = YES;
				CLANG_ENABLE_OBJC_WEAK = YES;
				CLANG_WARN_BLOCK_CAPTURE_AUTORELEASING = YES;
				CLANG_WARN_BOOL_CONVERSION = YES;
				CLANG_WARN_COMMA = YES;
				CLANG_WARN_CONSTANT_CONVERSION = YES;
				CLANG_WARN_DEPRECATED_OBJC_IMPLEMENTATIONS = YES;
				CLANG_WARN_DIRECT_OBJC_ISA_USAGE = YES_ERROR;
				CLANG_WARN_DOCUMENTATION_COMMENTS = YES;
				CLANG_WARN_EMPTY_BODY = YES;
				CLANG_WARN_ENUM_CONVERSION = YES;
				CLANG_WARN_INFINITE_RECURSION = YES;
				CLANG_WARN_INT_CONVERSION = YES;
				CLANG_WARN_NON_LITERAL_NULL_CONVERSION = YES;
				CLANG_WARN_OBJC_IMPLICIT_RETAIN_SELF = YES;
				CLANG_WARN_OBJC_LITERAL_CONVERSION = YES;
				CLANG_WARN_OBJC_ROOT_CLASS = YES_ERROR;
				CLANG_WARN_QUOTED_INCLUDE_IN_FRAMEWORK_HEADER = YES;
				CLANG_WARN_RANGE_LOOP_ANALYSIS = YES;
				CLANG_WARN_STRICT_PROTOTYPES = YES;
				CLANG_WARN_SUSPICIOUS_MOVE = YES;
				CLANG_WARN_UNGUARDED_AVAILABILITY = YES_AGGRESSIVE;
				CLANG_WARN_UNREACHABLE_CODE = YES;
				CLANG_WARN__DUPLICATE_METHOD_MATCH = YES;
				COPY_PHASE_STRIP = NO;
				DEBUG_INFORMATION_FORMAT = dwarf;
				DEVELOPMENT_TEAM = 664FMHC4VF;
				ENABLE_STRICT_OBJC_MSGSEND = YES;
				ENABLE_TESTABILITY = YES;
				ENABLE_USER_SCRIPT_SANDBOXING = YES;
				GCC_C_LANGUAGE_STANDARD = gnu17;
				GCC_DYNAMIC_NO_PIC = NO;
				GCC_NO_COMMON_BLOCKS = YES;
				GCC_OPTIMIZATION_LEVEL = 0;
				GCC_PREPROCESSOR_DEFINITIONS = (
					"DEBUG=1",
					"$(inherited)",
				);
				GCC_WARN_64_TO_32_BIT_CONVERSION = YES;
				GCC_WARN_ABOUT_RETURN_TYPE = YES_ERROR;
				GCC_WARN_UNDECLARED_SELECTOR = YES;
				GCC_WARN_UNINITIALIZED_AUTOS = YES_AGGRESSIVE;
				GCC_WARN_UNUSED_FUNCTION = YES;
				GCC_WARN_UNUSED_VARIABLE = YES;
				LOCALIZATION_PREFERS_STRING_CATALOGS = YES;
				MTL_ENABLE_DEBUG_INFO = INCLUDE_SOURCE;
				MTL_FAST_MATH = YES;
				ONLY_ACTIVE_ARCH = YES;
				SDKROOT = xros;
				SWIFT_ACTIVE_COMPILATION_CONDITIONS = "DEBUG $(inherited)";
				SWIFT_OPTIMIZATION_LEVEL = "-Onone";
				XROS_DEPLOYMENT_TARGET = 26.1;
			};
			name = Debug;
		};
		CC41CA742EBB9275000C2C1D /* Release */ = {
			isa = XCBuildConfiguration;
			buildSettings = {
				ALWAYS_SEARCH_USER_PATHS = NO;
				ASSETCATALOG_COMPILER_GENERATE_SWIFT_ASSET_SYMBOL_EXTENSIONS = YES;
				CLANG_ANALYZER_NONNULL = YES;
				CLANG_ANALYZER_NUMBER_OBJECT_CONVERSION = YES_AGGRESSIVE;
				CLANG_CXX_LANGUAGE_STANDARD = "gnu++20";
				CLANG_ENABLE_MODULES = YES;
				CLANG_ENABLE_OBJC_ARC = YES;
				CLANG_ENABLE_OBJC_WEAK = YES;
				CLANG_WARN_BLOCK_CAPTURE_AUTORELEASING = YES;
				CLANG_WARN_BOOL_CONVERSION = YES;
				CLANG_WARN_COMMA = YES;
				CLANG_WARN_CONSTANT_CONVERSION = YES;
				CLANG_WARN_DEPRECATED_OBJC_IMPLEMENTATIONS = YES;
				CLANG_WARN_DIRECT_OBJC_ISA_USAGE = YES_ERROR;
				CLANG_WARN_DOCUMENTATION_COMMENTS = YES;
				CLANG_WARN_EMPTY_BODY = YES;
				CLANG_WARN_ENUM_CONVERSION = YES;
				CLANG_WARN_INFINITE_RECURSION = YES;
				CLANG_WARN_INT_CONVERSION = YES;
				CLANG_WARN_NON_LITERAL_NULL_CONVERSION = YES;
				CLANG_WARN_OBJC_IMPLICIT_RETAIN_SELF = YES;
				CLANG_WARN_OBJC_LITERAL_CONVERSION = YES;
				CLANG_WARN_OBJC_ROOT_CLASS = YES_ERROR;
				CLANG_WARN_QUOTED_INCLUDE_IN_FRAMEWORK_HEADER = YES;
				CLANG_WARN_RANGE_LOOP_ANALYSIS = YES;
				CLANG_WARN_STRICT_PROTOTYPES = YES;
				CLANG_WARN_SUSPICIOUS_MOVE = YES;
				CLANG_WARN_UNGUARDED_AVAILABILITY = YES_AGGRESSIVE;
				CLANG_WARN_UNREACHABLE_CODE = YES;
				CLANG_WARN__DUPLICATE_METHOD_MATCH = YES;
				COPY_PHASE_STRIP = NO;
				DEBUG_INFORMATION_FORMAT = "dwarf-with-dsym";
				DEVELOPMENT_TEAM = 664FMHC4VF;
				ENABLE_NS_ASSERTIONS = NO;
				ENABLE_STRICT_OBJC_MSGSEND = YES;
				ENABLE_USER_SCRIPT_SANDBOXING = YES;
				GCC_C_LANGUAGE_STANDARD = gnu17;
				GCC_NO_COMMON_BLOCKS = YES;
				GCC_WARN_64_TO_32_BIT_CONVERSION = YES;
				GCC_WARN_ABOUT_RETURN_TYPE = YES_ERROR;
				GCC_WARN_UNDECLARED_SELECTOR = YES;
				GCC_WARN_UNINITIALIZED_AUTOS = YES_AGGRESSIVE;
				GCC_WARN_UNUSED_FUNCTION = YES;
				GCC_WARN_UNUSED_VARIABLE = YES;
				LOCALIZATION_PREFERS_STRING_CATALOGS = YES;
				MTL_ENABLE_DEBUG_INFO = NO;
				MTL_FAST_MATH = YES;
				SDKROOT = xros;
				SWIFT_COMPILATION_MODE = wholemodule;
				VALIDATE_PRODUCT = YES;
				XROS_DEPLOYMENT_TARGET = 26.1;
			};
			name = Release;
		};
/* End XCBuildConfiguration section */

/* Begin XCConfigurationList section */
		CC41CA5C2EBB9275000C2C1D /* Build configuration list for PBXProject "IceAndFireAVP" */ = {
			isa = XCConfigurationList;
			buildConfigurations = (
				CC41CA732EBB9275000C2C1D /* Debug */,
				CC41CA742EBB9275000C2C1D /* Release */,
			);
			defaultConfigurationIsVisible = 0;
			defaultConfigurationName = Release;
		};
		CC41CA702EBB9275000C2C1D /* Build configuration list for PBXNativeTarget "IceAndFireAVP" */ = {
			isa = XCConfigurationList;
			buildConfigurations = (
				CC41CA712EBB9275000C2C1D /* Debug */,
				CC41CA722EBB9275000C2C1D /* Release */,
			);
			defaultConfigurationIsVisible = 0;
			defaultConfigurationName = Release;
		};
/* End XCConfigurationList section */

/* Begin XCSwiftPackageProductDependency section */
		CC41CA662EBB9275000C2C1D /* RealityKitContent */ = {
			isa = XCSwiftPackageProductDependency;
			productName = RealityKitContent;
		};
/* End XCSwiftPackageProductDependency section */
	};
	rootObject = CC41CA592EBB9275000C2C1D /* Project object */;
}
